{
  "name": "Py",
  "lockfileVersion": 2,
  "requires": true,
  "packages": {
    "": {
      "dependencies": {
        "reques": "^0.0.1-security"
      }
    },
    "node_modules/reques": {
      "version": "0.0.1-security",
      "resolved": "https://registry.npmjs.org/reques/-/reques-0.0.1-security.tgz",
      "integrity": "sha512-fe573RO70ejGuMAKSF1OyoFVOr6Z273kwlq7CCVc1n7ZxhG6XfG9myIk21/jIWIpql7uXLRz2PxovCYhW4MJJQ=="
    }
  },
  "dependencies": {
    "reques": {
      "version": "0.0.1-security",
      "resolved": "https://registry.npmjs.org/reques/-/reques-0.0.1-security.tgz",
      "integrity": "sha512-fe573RO70ejGuMAKSF1OyoFVOr6Z273kwlq7CCVc1n7ZxhG6XfG9myIk21/jIWIpql7uXLRz2PxovCYhW4MJJQ=="
    }
  }
}
